schema: '2.0'
stages:
  data_ingestion:
    cmd: python src/data_ingestion.py
    deps:
    - path: src/data_ingestion.py
      hash: md5
      md5: 1898cd56a096014ca8a25e92f2a9ba03
      size: 3606
    params:
      params.yaml:
        data_ingestion.test_size: 0.3
    outs:
    - path: data/raw
      hash: md5
      md5: d26befd2dda9438254177d9000d9ba1f.dir
      size: 484846
      nfiles: 2
  data_preprocessing:
    cmd: python src/data_preprocessing.py
    deps:
    - path: data/raw
      hash: md5
      md5: d26befd2dda9438254177d9000d9ba1f.dir
      size: 484846
      nfiles: 2
    - path: src/data_preprocessing.py
      hash: md5
      md5: e938b776e3abaca5e05b8e01c2c31811
      size: 3901
    outs:
    - path: data/interim
      hash: md5
      md5: 45d0acbbb1d4a61175d690e101fcb85a.dir
      size: 393892
      nfiles: 2
  feature_engineering:
    cmd: python src/feature_engineering.py
    deps:
    - path: data/interim
      hash: md5
      md5: 45d0acbbb1d4a61175d690e101fcb85a.dir
      size: 393892
      nfiles: 2
    - path: src/feature_engineering.py
      hash: md5
      md5: 63de03d2e21dc5db83b19d5f1d2ee89e
      size: 3860
    params:
      params.yaml:
        feature_engineering.max_features: 50
    outs:
    - path: data/processed
      hash: md5
      md5: ae718cf79f94d463c6aff05de03352cf.dir
      size: 1639509
      nfiles: 2
  model_building:
    cmd: python src/model_building.py
    deps:
    - path: data/processed
      hash: md5
      md5: ae718cf79f94d463c6aff05de03352cf.dir
      size: 1639509
      nfiles: 2
    - path: src/model_building.py
      hash: md5
      md5: 3e8a9bf10f99382d09074b10d15c8620
      size: 4407
    params:
      params.yaml:
        model_building.n_estimators: 22
        model_building.random_state: 2
    outs:
    - path: models/model.pkl
      hash: md5
      md5: 87a5c646b34df7922b8e119f7dbbf09f
      size: 775275
  model_evaluation:
    cmd: python src/model_evaluation.py
    deps:
    - path: models/model.pkl
      hash: md5
      md5: 87a5c646b34df7922b8e119f7dbbf09f
      size: 775275
    - path: src/model_evaluation.py
      hash: md5
      md5: c395aa17d701f6fec43b6b9af318ee22
      size: 4775
    outs:
    - path: reports/metrics.json
      hash: md5
      md5: 6830fe542f8614eecf5565a05da55309
      size: 145
